
Microsoft Visual Studio Solution File, Format Version 12.00
# Visual Studio Version 17
VisualStudioVersion = 17.6.33829.357
MinimumVisualStudioVersion = 10.0.40219.1
Project("{9A19103F-16F7-4668-BE54-9A1E7A4F7556}") = "design patterns visitor", "design patterns visitor\design patterns visitor.csproj", "{B63E02C9-C6D4-416F-90CF-6302B40982C5}"
EndProject
Project("{9A19103F-16F7-4668-BE54-9A1E7A4F7556}") = "testCSharp", "testCSharp\testCSharp.csproj", "{8F244A1B-428B-4C5A-8334-B23AADF961BE}"
EndProject
Project("{888888A0-9F3D-457C-B088-3A5042F75D52}") = "testPython", "testPython\testPython.pyproj", "{0E5E0DE3-806D-40BA-9F65-667CBA704F3B}"
EndProject
Global
	GlobalSection(SolutionConfigurationPlatforms) = preSolution
		Debug|Any CPU = Debug|Any CPU
		Release|Any CPU = Release|Any CPU
	EndGlobalSection
	GlobalSection(ProjectConfigurationPlatforms) = postSolution
		{B63E02C9-C6D4-416F-90CF-6302B40982C5}.Debug|Any CPU.ActiveCfg = Debug|Any CPU
		{B63E02C9-C6D4-416F-90CF-6302B40982C5}.Debug|Any CPU.Build.0 = Debug|Any CPU
		{B63E02C9-C6D4-416F-90CF-6302B40982C5}.Release|Any CPU.ActiveCfg = Release|Any CPU
		{B63E02C9-C6D4-416F-90CF-6302B40982C5}.Release|Any CPU.Build.0 = Release|Any CPU
		{8F244A1B-428B-4C5A-8334-B23AADF961BE}.Debug|Any CPU.ActiveCfg = Debug|Any CPU
		{8F244A1B-428B-4C5A-8334-B23AADF961BE}.Debug|Any CPU.Build.0 = Debug|Any CPU
		{8F244A1B-428B-4C5A-8334-B23AADF961BE}.Release|Any CPU.ActiveCfg = Release|Any CPU
		{8F244A1B-428B-4C5A-8334-B23AADF961BE}.Release|Any CPU.Build.0 = Release|Any CPU
		{0E5E0DE3-806D-40BA-9F65-667CBA704F3B}.Debug|Any CPU.ActiveCfg = Debug|Any CPU
		{0E5E0DE3-806D-40BA-9F65-667CBA704F3B}.Release|Any CPU.ActiveCfg = Release|Any CPU
	EndGlobalSection
	GlobalSection(SolutionProperties) = preSolution
		HideSolutionNode = FALSE
	EndGlobalSection
	GlobalSection(ExtensibilityGlobals) = postSolution
		SolutionGuid = {A1D0F96D-2B6E-4B77-9CDB-C4BEC397B35B}
	EndGlobalSection
EndGlobal
